{"1.2.0",
[{<<"cowboy">>,{pkg,<<"cowboy">>,<<"2.6.1">>},1},
 {<<"cowlib">>,{pkg,<<"cowlib">>,<<"2.7.3">>},2},
 {<<"erlydtl">>,
  {git,"https://github.com/erlydtl/erlydtl.git",
       {ref,"e16631d3870ae21d04b614a2d14af8cbc856ecb9"}},
  1},
 {<<"jhn_stdlib">>,
  {git,"https://github.com/JanHenryNystrom/jhn_stdlib.git",
       {ref,"4c174c58646e6a37f8f424b7f4b6487333287661"}},
  1},
 {<<"jsone">>,{pkg,<<"jsone">>,<<"1.5.0">>},1},
 {<<"nova">>,
  {git,"https://github.com/novaframework/nova.git",
       {ref,"3b4864d1c9da1ea0d59383e37732f16849dbe7ae"}},
  0},
 {<<"nova_pubsub">>,
  {git,"http://github.com/novaframework/nova_pubsub.git",
       {ref,"b56d26b6b5c2a432e3dc2c58e0bc8a7a7f6e0c8f"}},
  0},
 {<<"quickrand">>,{pkg,<<"quickrand">>,<<"1.7.5">>},2},
 {<<"ranch">>,{pkg,<<"ranch">>,<<"1.7.1">>},2},
 {<<"sync">>,
  {git,"https://github.com/rustyio/sync.git",
       {ref,"9106be75883d7646dae72d4ac80c6ea88464a5ca"}},
  1},
 {<<"uuid">>,{pkg,<<"uuid_erl">>,<<"1.7.5">>},1}]}.
[
{pkg_hash,[
 {<<"cowboy">>, <<"F2E06F757C337B3B311F9437E6E072B678FCD71545A7B2865BDAA154D078593F">>},
 {<<"cowlib">>, <<"A7FFCD0917E6D50B4D5FB28E9E2085A0CEB3C97DEA310505F7460FF5ED764CE9">>},
 {<<"jsone">>, <<"410F5208BCAE541BF941B3F2756E5BB5A4C8694D7FFD6B34B909AE88262629C0">>},
 {<<"quickrand">>, <<"E3086A153EB13A057FC19192D05E2D4C6BB2BDBB55746A699BEAE9847AC17CA8">>},
 {<<"ranch">>, <<"6B1FAB51B49196860B733A49C07604465A47BDB78AA10C1C16A3D199F7F8C881">>},
 {<<"uuid">>, <<"3862FF9A21C42566DFD0376B97512FA202922897129E09A05E2AFA0D9CAFD97A">>}]},
{pkg_hash_ext,[
 {<<"cowboy">>, <<"41C14336E40D78D3BB655E76817D9F29DEF522024A5BB53894C27E0AE338CDA0">>},
 {<<"cowlib">>, <<"1E1A3D176D52DAEBBECBBCDFD27C27726076567905C2A9D7398C54DA9D225761">>},
 {<<"jsone">>, <<"2D3E282F72C4E1A4C3A43F61F927B214CAED26AC761B605A14E40A8461260DA6">>},
 {<<"quickrand">>, <<"6A1DA81FE098C0DFCFB55C5E35C20BE430128E88BBFA03D18FCF9E0EE8E342D7">>},
 {<<"ranch">>, <<"451D8527787DF716D99DC36162FCA05934915DB0B6141BBDAC2EA8D3C7AFC7D7">>},
 {<<"uuid">>, <<"6529F1C5D8C6B796374318FD1966659FAA6EE832C914E93B1DEB1D4701694AA9">>}]}
].
